
Microsoft Visual Studio Solution File, Format Version 12.00
# Visual Studio Version 17
VisualStudioVersion = 17.0.32112.339
MinimumVisualStudioVersion = 10.0.40219.1
Project("{FAE04EC0-301F-11D3-BF4B-00C04F79EFBC}") = "QL_Cafe", "QL_Cafe\QL_Cafe.csproj", "{B85CDB3E-B2E4-4EAA-B9B9-3EA73AB9C4A4}"
EndProject
Global
	GlobalSection(SolutionConfigurationPlatforms) = preSolution
		Debug|Any CPU = Debug|Any CPU
		Release|Any CPU = Release|Any CPU
	EndGlobalSection
	GlobalSection(ProjectConfigurationPlatforms) = postSolution
		{B85CDB3E-B2E4-4EAA-B9B9-3EA73AB9C4A4}.Debug|Any CPU.ActiveCfg = Debug|Any CPU
		{B85CDB3E-B2E4-4EAA-B9B9-3EA73AB9C4A4}.Debug|Any CPU.Build.0 = Debug|Any CPU
		{B85CDB3E-B2E4-4EAA-B9B9-3EA73AB9C4A4}.Release|Any CPU.ActiveCfg = Release|Any CPU
		{B85CDB3E-B2E4-4EAA-B9B9-3EA73AB9C4A4}.Release|Any CPU.Build.0 = Release|Any CPU
	EndGlobalSection
	GlobalSection(SolutionProperties) = preSolution
		HideSolutionNode = FALSE
	EndGlobalSection
	GlobalSection(ExtensibilityGlobals) = postSolution
		SolutionGuid = {7ED01211-20C3-4FF8-922C-F12CC33F5818}
	EndGlobalSection
EndGlobal
